<?xml version="1.0" encoding="utf-8"?>
<Project ToolsVersion="4.0" xmlns="http://schemas.microsoft.com/developer/msbuild/2003">
  <ItemGroup>
    <Filter Include="Source Files">
      <UniqueIdentifier>{4FC737F1-C7A5-4376-A066-2A32D752A2FF}</UniqueIdentifier>
      <Extensions>cpp;c;cc;cxx;def;odl;idl;hpj;bat;asm;asmx</Extensions>
    </Filter>
    <Filter Include="Header Files">
      <UniqueIdentifier>{93995380-89BD-4b04-88EB-625FBE52EBFB}</UniqueIdentifier>
      <Extensions>h;hh;hpp;hxx;hm;inl;inc;xsd</Extensions>
    </Filter>
    <Filter Include="Resource Files">
      <UniqueIdentifier>{67DA6AB6-F800-4c08-8B7A-83BB121AAD01}</UniqueIdentifier>
      <Extensions>rc;ico;cur;bmp;dlg;rc2;rct;bin;rgs;gif;jpg;jpeg;jpe;resx;tiff;tif;png;wav;mfcribbon-ms</Extensions>
    </Filter>
    <Filter Include="Protocol">
      <UniqueIdentifier>{aa8900fa-fb4e-4e2c-84cd-59172acd2508}</UniqueIdentifier>
    </Filter>
  </ItemGroup>
  <ItemGroup>
    <ClCompile Include="..\..\..\Protocol\Address.cpp">
      <Filter>Protocol</Filter>
    </ClCompile>
    <ClCompile Include="..\..\..\Protocol\ClientPacket.cpp">
      <Filter>Protocol</Filter>
    </ClCompile>
    <ClCompile Include="..\..\..\Protocol\Input.cpp">
      <Filter>Protocol</Filter>
    </ClCompile>
    <ClCompile Include="..\..\..\Protocol\InputValue.cpp">
      <Filter>Protocol</Filter>
    </ClCompile>
    <ClCompile Include="..\..\..\Protocol\Message.cpp">
      <Filter>Protocol</Filter>
    </ClCompile>
    <ClCompile Include="..\..\..\Protocol\ServerPacket.cpp">
      <Filter>Protocol</Filter>
    </ClCompile>
    <ClCompile Include="..\Server\GameServer.cpp">
      <Filter>Source Files</Filter>
    </ClCompile>
    <ClCompile Include="..\Server\LobbyState.cpp">
      <Filter>Source Files</Filter>
    </ClCompile>
    <ClCompile Include="..\Server\main.cpp">
      <Filter>Source Files</Filter>
    </ClCompile>
    <ClCompile Include="..\Server\MatchState.cpp">
      <Filter>Source Files</Filter>
    </ClCompile>
    <ClCompile Include="..\Server\Player.cpp">
      <Filter>Source Files</Filter>
    </ClCompile>
    <ClCompile Include="..\Server\PlayerList.cpp">
      <Filter>Source Files</Filter>
    </ClCompile>
    <ClCompile Include="..\Server\ResultState.cpp">
      <Filter>Source Files</Filter>
    </ClCompile>
    <ClCompile Include="..\Server\ServerSocket.cpp">
      <Filter>Source Files</Filter>
    </ClCompile>
    <ClCompile Include="..\Server\Test.cpp">
      <Filter>Source Files</Filter>
    </ClCompile>
  </ItemGroup>
  <ItemGroup>
    <ClInclude Include="..\..\..\Protocol\Address.h">
      <Filter>Protocol</Filter>
    </ClInclude>
    <ClInclude Include="..\..\..\Protocol\ClientPacket.h">
      <Filter>Protocol</Filter>
    </ClInclude>
    <ClInclude Include="..\..\..\Protocol\Input.h">
      <Filter>Protocol</Filter>
    </ClInclude>
    <ClInclude Include="..\..\..\Protocol\InputValue.h">
      <Filter>Protocol</Filter>
    </ClInclude>
    <ClInclude Include="..\..\..\Protocol\Message.h">
      <Filter>Protocol</Filter>
    </ClInclude>
    <ClInclude Include="..\..\..\Protocol\Protocol.h">
      <Filter>Protocol</Filter>
    </ClInclude>
    <ClInclude Include="..\..\..\Protocol\ServerPacket.h">
      <Filter>Protocol</Filter>
    </ClInclude>
    <ClInclude Include="..\..\..\Protocol\VectorPacket.h">
      <Filter>Protocol</Filter>
    </ClInclude>
    <ClInclude Include="..\..\..\Protocol\VectorPrint.h">
      <Filter>Protocol</Filter>
    </ClInclude>
    <ClInclude Include="..\Server\AddressedPacket.h">
      <Filter>Header Files</Filter>
    </ClInclude>
    <ClInclude Include="..\Server\GameServer.h">
      <Filter>Header Files</Filter>
    </ClInclude>
    <ClInclude Include="..\Server\LobbyState.h">
      <Filter>Header Files</Filter>
    </ClInclude>
    <ClInclude Include="..\Server\MatchState.h">
      <Filter>Header Files</Filter>
    </ClInclude>
    <ClInclude Include="..\Server\Player.h">
      <Filter>Header Files</Filter>
    </ClInclude>
    <ClInclude Include="..\Server\PlayerList.h">
      <Filter>Header Files</Filter>
    </ClInclude>
    <ClInclude Include="..\Server\ResultState.h">
      <Filter>Header Files</Filter>
    </ClInclude>
    <ClInclude Include="..\Server\ServerSocket.h">
      <Filter>Header Files</Filter>
    </ClInclude>
    <ClInclude Include="..\Server\ServerState.h">
      <Filter>Header Files</Filter>
    </ClInclude>
    <ClInclude Include="..\Server\Test.h">
      <Filter>Header Files</Filter>
    </ClInclude>
  </ItemGroup>
</Project>